
Microsoft Visual Studio Solution File, Format Version 12.00
# Visual Studio Version 17
VisualStudioVersion = 17.10.35013.160
MinimumVisualStudioVersion = 10.0.40219.1
Project("{FAE04EC0-301F-11D3-BF4B-00C04F79EFBC}") = "ProjetAtlantik", "ProjetAtlantik\ProjetAtlantik.csproj", "{EFD5E5A4-4C24-40D2-860D-13CDA95E7D68}"
EndProject
Global
	GlobalSection(SolutionConfigurationPlatforms) = preSolution
		Debug|Any CPU = Debug|Any CPU
		Release|Any CPU = Release|Any CPU
	EndGlobalSection
	GlobalSection(ProjectConfigurationPlatforms) = postSolution
		{EFD5E5A4-4C24-40D2-860D-13CDA95E7D68}.Debug|Any CPU.ActiveCfg = Debug|Any CPU
		{EFD5E5A4-4C24-40D2-860D-13CDA95E7D68}.Debug|Any CPU.Build.0 = Debug|Any CPU
		{EFD5E5A4-4C24-40D2-860D-13CDA95E7D68}.Release|Any CPU.ActiveCfg = Release|Any CPU
		{EFD5E5A4-4C24-40D2-860D-13CDA95E7D68}.Release|Any CPU.Build.0 = Release|Any CPU
	EndGlobalSection
	GlobalSection(SolutionProperties) = preSolution
		HideSolutionNode = FALSE
	EndGlobalSection
	GlobalSection(ExtensibilityGlobals) = postSolution
		SolutionGuid = {A2380EB8-B9C5-406E-9A18-95E5B4E5A022}
	EndGlobalSection
EndGlobal
